
Microsoft Visual Studio Solution File, Format Version 12.00
# Visual Studio Version 17
VisualStudioVersion = 17.0.32112.339
MinimumVisualStudioVersion = 10.0.40219.1
Project("{FAE04EC0-301F-11D3-BF4B-00C04F79EFBC}") = "PrimeSieveAsync", "PrimeSieveAsync\PrimeSieveAsync.csproj", "{1DDB99B0-55CF-44B4-B88B-A1E5F540DBF4}"
EndProject
Global
	GlobalSection(SolutionConfigurationPlatforms) = preSolution
		Debug|Any CPU = Debug|Any CPU
		Release|Any CPU = Release|Any CPU
	EndGlobalSection
	GlobalSection(ProjectConfigurationPlatforms) = postSolution
		{1DDB99B0-55CF-44B4-B88B-A1E5F540DBF4}.Debug|Any CPU.ActiveCfg = Debug|Any CPU
		{1DDB99B0-55CF-44B4-B88B-A1E5F540DBF4}.Debug|Any CPU.Build.0 = Debug|Any CPU
		{1DDB99B0-55CF-44B4-B88B-A1E5F540DBF4}.Release|Any CPU.ActiveCfg = Release|Any CPU
		{1DDB99B0-55CF-44B4-B88B-A1E5F540DBF4}.Release|Any CPU.Build.0 = Release|Any CPU
	EndGlobalSection
	GlobalSection(SolutionProperties) = preSolution
		HideSolutionNode = FALSE
	EndGlobalSection
	GlobalSection(ExtensibilityGlobals) = postSolution
		SolutionGuid = {3E5D59E4-ABC5-4DCA-97FD-16D35833217B}
	EndGlobalSection
EndGlobal
